
Microsoft Visual Studio Solution File, Format Version 12.00
# Visual Studio 15
VisualStudioVersion = 15.0.28307.1022
MinimumVisualStudioVersion = 10.0.40219.1
Project("{888888A0-9F3D-457C-B088-3A5042F75D52}") = "CapitalCities", "CapitalCities\CapitalCities.pyproj", "{C489529C-39D1-4E5A-8FCB-17B623F2879A}"
EndProject
Global
	GlobalSection(SolutionConfigurationPlatforms) = preSolution
		Debug|Any CPU = Debug|Any CPU
		Release|Any CPU = Release|Any CPU
	EndGlobalSection
	GlobalSection(ProjectConfigurationPlatforms) = postSolution
		{C489529C-39D1-4E5A-8FCB-17B623F2879A}.Debug|Any CPU.ActiveCfg = Debug|Any CPU
		{C489529C-39D1-4E5A-8FCB-17B623F2879A}.Release|Any CPU.ActiveCfg = Release|Any CPU
	EndGlobalSection
	GlobalSection(SolutionProperties) = preSolution
		HideSolutionNode = FALSE
	EndGlobalSection
	GlobalSection(ExtensibilityGlobals) = postSolution
		SolutionGuid = {46527591-2114-4185-8510-58F901E7D5CC}
	EndGlobalSection
EndGlobal
